
Microsoft Visual Studio Solution File, Format Version 12.00
# Visual Studio Version 16
VisualStudioVersion = 16.0.33529.622
MinimumVisualStudioVersion = 10.0.40219.1
Project("{FAE04EC0-301F-11D3-BF4B-00C04F79EFBC}") = "SIGA", "SIGA\SIGA.csproj", "{81568A4D-7EF5-4925-9F9D-D1B49E3A31B6}"
EndProject
Global
	GlobalSection(SolutionConfigurationPlatforms) = preSolution
		Debug|Any CPU = Debug|Any CPU
		Release|Any CPU = Release|Any CPU
	EndGlobalSection
	GlobalSection(ProjectConfigurationPlatforms) = postSolution
		{81568A4D-7EF5-4925-9F9D-D1B49E3A31B6}.Debug|Any CPU.ActiveCfg = Debug|Any CPU
		{81568A4D-7EF5-4925-9F9D-D1B49E3A31B6}.Debug|Any CPU.Build.0 = Debug|Any CPU
		{81568A4D-7EF5-4925-9F9D-D1B49E3A31B6}.Release|Any CPU.ActiveCfg = Release|Any CPU
		{81568A4D-7EF5-4925-9F9D-D1B49E3A31B6}.Release|Any CPU.Build.0 = Release|Any CPU
	EndGlobalSection
	GlobalSection(SolutionProperties) = preSolution
		HideSolutionNode = FALSE
	EndGlobalSection
	GlobalSection(ExtensibilityGlobals) = postSolution
		SolutionGuid = {44E0FAF3-06B0-4C6C-A1B4-96140A488542}
	EndGlobalSection
EndGlobal
